// !$*UTF8*$!
{
	archiveVersion = 1;
	classes = {
	};
	objectVersion = 77;
	objects = {

/* Begin PBXFileReference section */
		958AC0B62EC154F700333567 /* irq.h */ = {isa = PBXFileReference; lastKnownFileType = sourcecode.c.h; path = irq.h; sourceTree = "<group>"; };
		958AC0B72EC154FF00333567 /* irq.c */ = {isa = PBXFileReference; lastKnownFileType = sourcecode.c.c; path = irq.c; sourceTree = "<group>"; };
		95BF86802EC19244006F81C4 /* gpt.h */ = {isa = PBXFileReference; lastKnownFileType = sourcecode.c.h; path = gpt.h; sourceTree = "<group>"; };
		95BF86812EC19244006F81C4 /* gpt.c */ = {isa = PBXFileReference; lastKnownFileType = sourcecode.c.c; path = gpt.c; sourceTree = "<group>"; };
		95BF86832EC19273006F81C4 /* vector.c */ = {isa = PBXFileReference; lastKnownFileType = sourcecode.c.c; path = vector.c; sourceTree = "<group>"; };
		95BF86842EC19294006F81C4 /* vector.h */ = {isa = PBXFileReference; lastKnownFileType = sourcecode.c.h; path = vector.h; sourceTree = "<group>"; };
		95BF86862EC19445006F81C4 /* types.h */ = {isa = PBXFileReference; lastKnownFileType = sourcecode.c.h; path = types.h; sourceTree = "<group>"; };
		95BF86882EC19D90006F81C4 /* graphics.h */ = {isa = PBXFileReference; lastKnownFileType = sourcecode.c.h; path = graphics.h; sourceTree = "<group>"; };
		95BF86892EC19F01006F81C4 /* graphics.c */ = {isa = PBXFileReference; lastKnownFileType = sourcecode.c.c; path = graphics.c; sourceTree = "<group>"; };
		95BF868B2EC1A1AC006F81C4 /* image.h */ = {isa = PBXFileReference; lastKnownFileType = sourcecode.c.h; path = image.h; sourceTree = "<group>"; };
		95BF868C2EC1A32C006F81C4 /* image.c */ = {isa = PBXFileReference; lastKnownFileType = sourcecode.c.c; path = image.c; sourceTree = "<group>"; };
		95BF868D2EC1A46C006F81C4 /* bmp.h */ = {isa = PBXFileReference; lastKnownFileType = sourcecode.c.h; path = bmp.h; sourceTree = "<group>"; };
		95BF868E2EC1A473006F81C4 /* bmp.c */ = {isa = PBXFileReference; lastKnownFileType = sourcecode.c.c; path = bmp.c; sourceTree = "<group>"; };
		95BF868F2EC24EE6006F81C4 /* font.h */ = {isa = PBXFileReference; lastKnownFileType = sourcecode.c.h; path = font.h; sourceTree = "<group>"; };
		95D07F7E2EBFEDB700E5EA11 /* .keep */ = {isa = PBXFileReference; lastKnownFileType = text; path = .keep; sourceTree = "<group>"; };
		95D07F7F2EBFEDB700E5EA11 /* blank.o */ = {isa = PBXFileReference; lastKnownFileType = "compiled.mach-o.objfile"; path = blank.o; sourceTree = "<group>"; };
		95D07F812EBFEDB700E5EA11 /* blank.c */ = {isa = PBXFileReference; lastKnownFileType = sourcecode.c.c; path = blank.c; sourceTree = "<group>"; };
		95D07F832EBFEDB700E5EA11 /* linker.ld */ = {isa = PBXFileReference; lastKnownFileType = text; path = linker.ld; sourceTree = "<group>"; };
		95D07F842EBFEDB700E5EA11 /* Makefile */ = {isa = PBXFileReference; lastKnownFileType = sourcecode.make; path = Makefile; sourceTree = "<group>"; };
		95D07F862EBFEDB700E5EA11 /* .keep */ = {isa = PBXFileReference; lastKnownFileType = text; path = .keep; sourceTree = "<group>"; };
		95D07F872EBFEDB700E5EA11 /* shell.o */ = {isa = PBXFileReference; lastKnownFileType = "compiled.mach-o.objfile"; path = shell.o; sourceTree = "<group>"; };
		95D07F892EBFEDB700E5EA11 /* shell.h */ = {isa = PBXFileReference; lastKnownFileType = sourcecode.c.h; path = shell.h; sourceTree = "<group>"; };
		95D07F8A2EBFEDB700E5EA11 /* shell.c */ = {isa = PBXFileReference; lastKnownFileType = sourcecode.c.c; path = shell.c; sourceTree = "<group>"; };
		95D07F8C2EBFEDB700E5EA11 /* linker.ld */ = {isa = PBXFileReference; lastKnownFileType = text; path = linker.ld; sourceTree = "<group>"; };
		95D07F8D2EBFEDB700E5EA11 /* Makefile */ = {isa = PBXFileReference; lastKnownFileType = sourcecode.make; path = Makefile; sourceTree = "<group>"; };
		95D07F8E2EBFEDB700E5EA11 /* shell.elf */ = {isa = PBXFileReference; lastKnownFileType = file; path = shell.elf; sourceTree = "<group>"; };
		95D07F902EBFEDB700E5EA11 /* .keep */ = {isa = PBXFileReference; lastKnownFileType = text; path = .keep; sourceTree = "<group>"; };
		95D07F912EBFEDB700E5EA11 /* memory.o */ = {isa = PBXFileReference; lastKnownFileType = "compiled.mach-o.objfile"; path = memory.o; sourceTree = "<group>"; };
		95D07F922EBFEDB700E5EA11 /* VIos.o */ = {isa = PBXFileReference; lastKnownFileType = "compiled.mach-o.objfile"; path = VIos.o; sourceTree = "<group>"; };
		95D07F932EBFEDB700E5EA11 /* VIos.asm.o */ = {isa = PBXFileReference; lastKnownFileType = "compiled.mach-o.objfile"; path = VIos.asm.o; sourceTree = "<group>"; };
		95D07F942EBFEDB700E5EA11 /* start.o */ = {isa = PBXFileReference; lastKnownFileType = "compiled.mach-o.objfile"; path = start.o; sourceTree = "<group>"; };
		95D07F952EBFEDB700E5EA11 /* start.asm.o */ = {isa = PBXFileReference; lastKnownFileType = "compiled.mach-o.objfile"; path = start.asm.o; sourceTree = "<group>"; };
		95D07F962EBFEDB700E5EA11 /* stdio.o */ = {isa = PBXFileReference; lastKnownFileType = "compiled.mach-o.objfile"; path = stdio.o; sourceTree = "<group>"; };
		95D07F972EBFEDB700E5EA11 /* stdlib.o */ = {isa = PBXFileReference; lastKnownFileType = "compiled.mach-o.objfile"; path = stdlib.o; sourceTree = "<group>"; };
		95D07F982EBFEDB700E5EA11 /* string.o */ = {isa = PBXFileReference; lastKnownFileType = "compiled.mach-o.objfile"; path = string.o; sourceTree = "<group>"; };
		95D07F9A2EBFEDB700E5EA11 /* memory.h */ = {isa = PBXFileReference; lastKnownFileType = sourcecode.c.h; path = memory.h; sourceTree = "<group>"; };
		95D07F9B2EBFEDB700E5EA11 /* memory.c */ = {isa = PBXFileReference; lastKnownFileType = sourcecode.c.c; path = memory.c; sourceTree = "<group>"; };
		95D07F9C2EBFEDB700E5EA11 /* VIos.h */ = {isa = PBXFileReference; lastKnownFileType = sourcecode.c.h; path = VIos.h; sourceTree = "<group>"; };
		95D07F9D2EBFEDB700E5EA11 /* vios.asm */ = {isa = PBXFileReference; lastKnownFileType = sourcecode.asm.asm; path = vios.asm; sourceTree = "<group>"; };
		95D07F9E2EBFEDB700E5EA11 /* vios.c */ = {isa = PBXFileReference; lastKnownFileType = sourcecode.c.c; path = vios.c; sourceTree = "<group>"; };
		95D07F9F2EBFEDB700E5EA11 /* start.asm */ = {isa = PBXFileReference; lastKnownFileType = sourcecode.asm.asm; path = start.asm; sourceTree = "<group>"; };
		95D07FA02EBFEDB700E5EA11 /* start.c */ = {isa = PBXFileReference; lastKnownFileType = sourcecode.c.c; path = start.c; sourceTree = "<group>"; };
		95D07FA12EBFEDB700E5EA11 /* stdio.h */ = {isa = PBXFileReference; lastKnownFileType = sourcecode.c.h; path = stdio.h; sourceTree = "<group>"; };
		95D07FA22EBFEDB700E5EA11 /* stdio.c */ = {isa = PBXFileReference; lastKnownFileType = sourcecode.c.c; path = stdio.c; sourceTree = "<group>"; };
		95D07FA32EBFEDB700E5EA11 /* stdlib.h */ = {isa = PBXFileReference; lastKnownFileType = sourcecode.c.h; path = stdlib.h; sourceTree = "<group>"; };
		95D07FA42EBFEDB700E5EA11 /* stdlib.c */ = {isa = PBXFileReference; lastKnownFileType = sourcecode.c.c; path = stdlib.c; sourceTree = "<group>"; };
		95D07FA52EBFEDB700E5EA11 /* string.h */ = {isa = PBXFileReference; lastKnownFileType = sourcecode.c.h; path = string.h; sourceTree = "<group>"; };
		95D07FA62EBFEDB700E5EA11 /* string.c */ = {isa = PBXFileReference; lastKnownFileType = sourcecode.c.c; path = string.c; sourceTree = "<group>"; };
		95D07FA82EBFEDB700E5EA11 /* Makefile */ = {isa = PBXFileReference; lastKnownFileType = sourcecode.make; path = Makefile; sourceTree = "<group>"; };
		95D07FFD2EC0F98000E5EA11 /* boot.asm */ = {isa = PBXFileReference; lastKnownFileType = sourcecode.asm.asm; path = boot.asm; sourceTree = "<group>"; };
		95D07FFF2EC0F98000E5EA11 /* config.h */ = {isa = PBXFileReference; lastKnownFileType = sourcecode.c.h; path = config.h; sourceTree = "<group>"; };
		95D080002EC0F98000E5EA11 /* disk.h */ = {isa = PBXFileReference; lastKnownFileType = sourcecode.c.h; path = disk.h; sourceTree = "<group>"; };
		95D080012EC0F98000E5EA11 /* disk.c */ = {isa = PBXFileReference; lastKnownFileType = sourcecode.c.c; path = disk.c; sourceTree = "<group>"; };
		95D080022EC0F98000E5EA11 /* streamer.h */ = {isa = PBXFileReference; lastKnownFileType = sourcecode.c.h; path = streamer.h; sourceTree = "<group>"; };
		95D080032EC0F98000E5EA11 /* streamer.c */ = {isa = PBXFileReference; lastKnownFileType = sourcecode.c.c; path = streamer.c; sourceTree = "<group>"; };
		95D080052EC0F98000E5EA11 /* fat16.h */ = {isa = PBXFileReference; lastKnownFileType = sourcecode.c.h; path = fat16.h; sourceTree = "<group>"; };
		95D080062EC0F98000E5EA11 /* fat16.c */ = {isa = PBXFileReference; lastKnownFileType = sourcecode.c.c; path = fat16.c; sourceTree = "<group>"; };
		95D080082EC0F98000E5EA11 /* file.h */ = {isa = PBXFileReference; lastKnownFileType = sourcecode.c.h; path = file.h; sourceTree = "<group>"; };
		95D080092EC0F98000E5EA11 /* file.c */ = {isa = PBXFileReference; lastKnownFileType = sourcecode.c.c; path = file.c; sourceTree = "<group>"; };
		95D0800A2EC0F98000E5EA11 /* pparser.h */ = {isa = PBXFileReference; lastKnownFileType = sourcecode.c.h; path = pparser.h; sourceTree = "<group>"; };
		95D0800B2EC0F98000E5EA11 /* pparser.c */ = {isa = PBXFileReference; lastKnownFileType = sourcecode.c.c; path = pparser.c; sourceTree = "<group>"; };
		95D0800D2EC0F98000E5EA11 /* gdt.h */ = {isa = PBXFileReference; lastKnownFileType = sourcecode.c.h; path = gdt.h; sourceTree = "<group>"; };
		95D0800E2EC0F98000E5EA11 /* gdt.asm */ = {isa = PBXFileReference; lastKnownFileType = sourcecode.asm.asm; path = gdt.asm; sourceTree = "<group>"; };
		95D0800F2EC0F98000E5EA11 /* gdt.c */ = {isa = PBXFileReference; lastKnownFileType = sourcecode.c.c; path = gdt.c; sourceTree = "<group>"; };
		95D080112EC0F98000E5EA11 /* idt.h */ = {isa = PBXFileReference; lastKnownFileType = sourcecode.c.h; path = idt.h; sourceTree = "<group>"; };
		95D080122EC0F98000E5EA11 /* idt.asm */ = {isa = PBXFileReference; lastKnownFileType = sourcecode.asm.asm; path = idt.asm; sourceTree = "<group>"; };
		95D080132EC0F98000E5EA11 /* idt.c */ = {isa = PBXFileReference; lastKnownFileType = sourcecode.c.c; path = idt.c; sourceTree = "<group>"; };
		95D080152EC0F98000E5EA11 /* io.h */ = {isa = PBXFileReference; lastKnownFileType = sourcecode.c.h; path = io.h; sourceTree = "<group>"; };
		95D080162EC0F98000E5EA11 /* io.asm */ = {isa = PBXFileReference; lastKnownFileType = sourcecode.asm.asm; path = io.asm; sourceTree = "<group>"; };
		95D080182EC0F98000E5EA11 /* heap.h */ = {isa = PBXFileReference; lastKnownFileType = sourcecode.c.h; path = heap.h; sourceTree = "<group>"; };
		95D080192EC0F98000E5EA11 /* heap.c */ = {isa = PBXFileReference; lastKnownFileType = sourcecode.c.c; path = heap.c; sourceTree = "<group>"; };
		95D0801A2EC0F98000E5EA11 /* io.h */ = {isa = PBXFileReference; lastKnownFileType = sourcecode.c.h; path = io.h; sourceTree = "<group>"; };
		95D0801B2EC0F98000E5EA11 /* io.c */ = {isa = PBXFileReference; lastKnownFileType = sourcecode.c.c; path = io.c; sourceTree = "<group>"; };
		95D0801C2EC0F98000E5EA11 /* isr80h.h */ = {isa = PBXFileReference; lastKnownFileType = sourcecode.c.h; path = isr80h.h; sourceTree = "<group>"; };
		95D0801D2EC0F98000E5EA11 /* isr80h.c */ = {isa = PBXFileReference; lastKnownFileType = sourcecode.c.c; path = isr80h.c; sourceTree = "<group>"; };
		95D0801E2EC0F98000E5EA11 /* misc.h */ = {isa = PBXFileReference; lastKnownFileType = sourcecode.c.h; path = misc.h; sourceTree = "<group>"; };
		95D0801F2EC0F98000E5EA11 /* misc.c */ = {isa = PBXFileReference; lastKnownFileType = sourcecode.c.c; path = misc.c; sourceTree = "<group>"; };
		95D080202EC0F98000E5EA11 /* process.h */ = {isa = PBXFileReference; lastKnownFileType = sourcecode.c.h; path = process.h; sourceTree = "<group>"; };
		95D080212EC0F98000E5EA11 /* process.c */ = {isa = PBXFileReference; lastKnownFileType = sourcecode.c.c; path = process.c; sourceTree = "<group>"; };
		95D080232EC0F98000E5EA11 /* kernel.h */ = {isa = PBXFileReference; lastKnownFileType = sourcecode.c.h; path = kernel.h; sourceTree = "<group>"; };
		95D080242EC0F98000E5EA11 /* kernel.asm */ = {isa = PBXFileReference; lastKnownFileType = sourcecode.asm.asm; path = kernel.asm; sourceTree = "<group>"; };
		95D080252EC0F98000E5EA11 /* kernel.c */ = {isa = PBXFileReference; lastKnownFileType = sourcecode.c.c; path = kernel.c; sourceTree = "<group>"; };
		95D080262EC0F98000E5EA11 /* classic.h */ = {isa = PBXFileReference; lastKnownFileType = sourcecode.c.h; path = classic.h; sourceTree = "<group>"; };
		95D080272EC0F98000E5EA11 /* classic.c */ = {isa = PBXFileReference; lastKnownFileType = sourcecode.c.c; path = classic.c; sourceTree = "<group>"; };
		95D080282EC0F98000E5EA11 /* keyboard.h */ = {isa = PBXFileReference; lastKnownFileType = sourcecode.c.h; path = keyboard.h; sourceTree = "<group>"; };
		95D080292EC0F98000E5EA11 /* keyboard.c */ = {isa = PBXFileReference; lastKnownFileType = sourcecode.c.c; path = keyboard.c; sourceTree = "<group>"; };
		95D0802B2EC0F98000E5EA11 /* elf.h */ = {isa = PBXFileReference; lastKnownFileType = sourcecode.c.h; path = elf.h; sourceTree = "<group>"; };
		95D0802C2EC0F98000E5EA11 /* elf.c */ = {isa = PBXFileReference; lastKnownFileType = sourcecode.c.c; path = elf.c; sourceTree = "<group>"; };
		95D0802D2EC0F98000E5EA11 /* elfloader.h */ = {isa = PBXFileReference; lastKnownFileType = sourcecode.c.h; path = elfloader.h; sourceTree = "<group>"; };
		95D0802E2EC0F98000E5EA11 /* elfloader.c */ = {isa = PBXFileReference; lastKnownFileType = sourcecode.c.c; path = elfloader.c; sourceTree = "<group>"; };
		95D080312EC0F98000E5EA11 /* heap.h */ = {isa = PBXFileReference; lastKnownFileType = sourcecode.c.h; path = heap.h; sourceTree = "<group>"; };
		95D080322EC0F98000E5EA11 /* heap.c */ = {isa = PBXFileReference; lastKnownFileType = sourcecode.c.c; path = heap.c; sourceTree = "<group>"; };
		95D080332EC0F98000E5EA11 /* kheap.h */ = {isa = PBXFileReference; lastKnownFileType = sourcecode.c.h; path = kheap.h; sourceTree = "<group>"; };
		95D080342EC0F98000E5EA11 /* kheap.c */ = {isa = PBXFileReference; lastKnownFileType = sourcecode.c.c; path = kheap.c; sourceTree = "<group>"; };
		95D080352EC0F98000E5EA11 /* multiheap.h */ = {isa = PBXFileReference; lastKnownFileType = sourcecode.c.h; path = multiheap.h; sourceTree = "<group>"; };
		95D080362EC0F98000E5EA11 /* multiheap.c */ = {isa = PBXFileReference; lastKnownFileType = sourcecode.c.c; path = multiheap.c; sourceTree = "<group>"; };
		95D080382EC0F98000E5EA11 /* paging.h */ = {isa = PBXFileReference; lastKnownFileType = sourcecode.c.h; path = paging.h; sourceTree = "<group>"; };
		95D080392EC0F98000E5EA11 /* paging.asm */ = {isa = PBXFileReference; lastKnownFileType = sourcecode.asm.asm; path = paging.asm; sourceTree = "<group>"; };
		95D0803A2EC0F98000E5EA11 /* paging.c */ = {isa = PBXFileReference; lastKnownFileType = sourcecode.c.c; path = paging.c; sourceTree = "<group>"; };
		95D0803C2EC0F98000E5EA11 /* memory.h */ = {isa = PBXFileReference; lastKnownFileType = sourcecode.c.h; path = memory.h; sourceTree = "<group>"; };
		95D0803D2EC0F98000E5EA11 /* memory.c */ = {isa = PBXFileReference; lastKnownFileType = sourcecode.c.c; path = memory.c; sourceTree = "<group>"; };
		95D0803F2EC0F98000E5EA11 /* status.h */ = {isa = PBXFileReference; lastKnownFileType = sourcecode.c.h; path = status.h; sourceTree = "<group>"; };
		95D080402EC0F98000E5EA11 /* string.h */ = {isa = PBXFileReference; lastKnownFileType = sourcecode.c.h; path = string.h; sourceTree = "<group>"; };
		95D080412EC0F98000E5EA11 /* string.c */ = {isa = PBXFileReference; lastKnownFileType = sourcecode.c.c; path = string.c; sourceTree = "<group>"; };
		95D080432EC0F98000E5EA11 /* process.h */ = {isa = PBXFileReference; lastKnownFileType = sourcecode.c.h; path = process.h; sourceTree = "<group>"; };
		95D080442EC0F98000E5EA11 /* process.c */ = {isa = PBXFileReference; lastKnownFileType = sourcecode.c.c; path = process.c; sourceTree = "<group>"; };
		95D080452EC0F98000E5EA11 /* task.h */ = {isa = PBXFileReference; lastKnownFileType = sourcecode.c.h; path = task.h; sourceTree = "<group>"; };
		95D080462EC0F98000E5EA11 /* task.asm */ = {isa = PBXFileReference; lastKnownFileType = sourcecode.asm.asm; path = task.asm; sourceTree = "<group>"; };
		95D080472EC0F98000E5EA11 /* task.c */ = {isa = PBXFileReference; lastKnownFileType = sourcecode.c.c; path = task.c; sourceTree = "<group>"; };
		95D080482EC0F98000E5EA11 /* tss.h */ = {isa = PBXFileReference; lastKnownFileType = sourcecode.c.h; path = tss.h; sourceTree = "<group>"; };
		95D080492EC0F98000E5EA11 /* tss.asm */ = {isa = PBXFileReference; lastKnownFileType = sourcecode.asm.asm; path = tss.asm; sourceTree = "<group>"; };
		95D0804D2EC13DA200E5EA11 /* simple.asm */ = {isa = PBXFileReference; lastKnownFileType = sourcecode.asm.asm; path = simple.asm; sourceTree = "<group>"; };
		95D0804F2EC13E1800E5EA11 /* Makefile */ = {isa = PBXFileReference; lastKnownFileType = sourcecode.make; path = Makefile; sourceTree = "<group>"; };
		95DD1B7B2EC2532700AA2804 /* font.c */ = {isa = PBXFileReference; lastKnownFileType = sourcecode.c.c; path = font.c; sourceTree = "<group>"; };
/* End PBXFileReference section */

/* Begin PBXGroup section */
		95BF86822EC1924D006F81C4 /* lib */ = {
			isa = PBXGroup;
			children = (
				95BF86852EC19341006F81C4 /* vector */,
			);
			path = lib;
			sourceTree = "<group>";
		};
		95BF86852EC19341006F81C4 /* vector */ = {
			isa = PBXGroup;
			children = (
				95BF86832EC19273006F81C4 /* vector.c */,
				95BF86842EC19294006F81C4 /* vector.h */,
			);
			path = vector;
			sourceTree = "<group>";
		};
		95BF86872EC19D7A006F81C4 /* graphics */ = {
			isa = PBXGroup;
			children = (
				95BF868F2EC24EE6006F81C4 /* font.h */,
				95DD1B7B2EC2532700AA2804 /* font.c */,
				95BF86882EC19D90006F81C4 /* graphics.h */,
				95BF86892EC19F01006F81C4 /* graphics.c */,
				95BF868A2EC1A1A3006F81C4 /* image */,
			);
			path = graphics;
			sourceTree = "<group>";
		};
		95BF868A2EC1A1A3006F81C4 /* image */ = {
			isa = PBXGroup;
			children = (
				95BF868D2EC1A46C006F81C4 /* bmp.h */,
				95BF868E2EC1A473006F81C4 /* bmp.c */,
				95BF868B2EC1A1AC006F81C4 /* image.h */,
				95BF868C2EC1A32C006F81C4 /* image.c */,
			);
			path = image;
			sourceTree = "<group>";
		};
		95D077832EBFE82A00E5EA11 = {
			isa = PBXGroup;
			children = (
				95D07FAB2EBFEDB700E5EA11 /* assets */,
				95D07F6B2EBFE84300E5EA11 /* src */,
			);
			sourceTree = "<group>";
		};
		95D07F6B2EBFE84300E5EA11 /* src */ = {
			isa = PBXGroup;
			children = (
				95D080242EC0F98000E5EA11 /* kernel.asm */,
				95D080252EC0F98000E5EA11 /* kernel.c */,
				95D080232EC0F98000E5EA11 /* kernel.h */,
				95D07FFF2EC0F98000E5EA11 /* config.h */,
				95D0803F2EC0F98000E5EA11 /* status.h */,
				95BF86862EC19445006F81C4 /* types.h */,
				95D07FFE2EC0F98000E5EA11 /* boot */,
				95D080042EC0F98000E5EA11 /* disk */,
				95D0800C2EC0F98000E5EA11 /* fs */,
				95D080102EC0F98000E5EA11 /* gdt */,
				95BF86872EC19D7A006F81C4 /* graphics */,
				95D080142EC0F98000E5EA11 /* idt */,
				95D080172EC0F98000E5EA11 /* io */,
				95D080222EC0F98000E5EA11 /* isr80h */,
				95D0802A2EC0F98000E5EA11 /* keyboard */,
				95BF86822EC1924D006F81C4 /* lib */,
				95D080302EC0F98000E5EA11 /* loader */,
				95D0803E2EC0F98000E5EA11 /* memory */,
				95D080422EC0F98000E5EA11 /* string */,
				95D0804A2EC0F98000E5EA11 /* task */,
			);
			path = src;
			sourceTree = "<group>";
		};
		95D07F802EBFEDB700E5EA11 /* build */ = {
			isa = PBXGroup;
			children = (
				95D07F7E2EBFEDB700E5EA11 /* .keep */,
				95D07F7F2EBFEDB700E5EA11 /* blank.o */,
			);
			path = build;
			sourceTree = "<group>";
		};
		95D07F852EBFEDB700E5EA11 /* blank */ = {
			isa = PBXGroup;
			children = (
				95D07F802EBFEDB700E5EA11 /* build */,
				95D07F812EBFEDB700E5EA11 /* blank.c */,
				95D07F832EBFEDB700E5EA11 /* linker.ld */,
				95D07F842EBFEDB700E5EA11 /* Makefile */,
			);
			path = blank;
			sourceTree = "<group>";
		};
		95D07F882EBFEDB700E5EA11 /* build */ = {
			isa = PBXGroup;
			children = (
				95D07F862EBFEDB700E5EA11 /* .keep */,
				95D07F872EBFEDB700E5EA11 /* shell.o */,
			);
			path = build;
			sourceTree = "<group>";
		};
		95D07F8B2EBFEDB700E5EA11 /* src */ = {
			isa = PBXGroup;
			children = (
				95D07F892EBFEDB700E5EA11 /* shell.h */,
				95D07F8A2EBFEDB700E5EA11 /* shell.c */,
			);
			path = src;
			sourceTree = "<group>";
		};
		95D07F8F2EBFEDB700E5EA11 /* shell */ = {
			isa = PBXGroup;
			children = (
				95D07F882EBFEDB700E5EA11 /* build */,
				95D07F8B2EBFEDB700E5EA11 /* src */,
				95D07F8C2EBFEDB700E5EA11 /* linker.ld */,
				95D07F8D2EBFEDB700E5EA11 /* Makefile */,
				95D07F8E2EBFEDB700E5EA11 /* shell.elf */,
			);
			path = shell;
			sourceTree = "<group>";
		};
		95D07F992EBFEDB700E5EA11 /* build */ = {
			isa = PBXGroup;
			children = (
				95D07F902EBFEDB700E5EA11 /* .keep */,
				95D07F912EBFEDB700E5EA11 /* memory.o */,
				95D07F922EBFEDB700E5EA11 /* VIos.o */,
				95D07F932EBFEDB700E5EA11 /* VIos.asm.o */,
				95D07F942EBFEDB700E5EA11 /* start.o */,
				95D07F952EBFEDB700E5EA11 /* start.asm.o */,
				95D07F962EBFEDB700E5EA11 /* stdio.o */,
				95D07F972EBFEDB700E5EA11 /* stdlib.o */,
				95D07F982EBFEDB700E5EA11 /* string.o */,
			);
			path = build;
			sourceTree = "<group>";
		};
		95D07FA72EBFEDB700E5EA11 /* src */ = {
			isa = PBXGroup;
			children = (
				95D07F9A2EBFEDB700E5EA11 /* memory.h */,
				95D07F9B2EBFEDB700E5EA11 /* memory.c */,
				95D07F9C2EBFEDB700E5EA11 /* VIos.h */,
				95D07F9D2EBFEDB700E5EA11 /* vios.asm */,
				95D07F9E2EBFEDB700E5EA11 /* vios.c */,
				95D07F9F2EBFEDB700E5EA11 /* start.asm */,
				95D07FA02EBFEDB700E5EA11 /* start.c */,
				95D07FA12EBFEDB700E5EA11 /* stdio.h */,
				95D07FA22EBFEDB700E5EA11 /* stdio.c */,
				95D07FA32EBFEDB700E5EA11 /* stdlib.h */,
				95D07FA42EBFEDB700E5EA11 /* stdlib.c */,
				95D07FA52EBFEDB700E5EA11 /* string.h */,
				95D07FA62EBFEDB700E5EA11 /* string.c */,
			);
			path = src;
			sourceTree = "<group>";
		};
		95D07FAA2EBFEDB700E5EA11 /* stdlib */ = {
			isa = PBXGroup;
			children = (
				95D07F992EBFEDB700E5EA11 /* build */,
				95D07FA72EBFEDB700E5EA11 /* src */,
				95D07FA82EBFEDB700E5EA11 /* Makefile */,
			);
			path = stdlib;
			sourceTree = "<group>";
		};
		95D07FAB2EBFEDB700E5EA11 /* assets */ = {
			isa = PBXGroup;
			children = (
				95D0804B2EC13D9000E5EA11 /* simple */,
				95D07F852EBFEDB700E5EA11 /* blank */,
				95D07F8F2EBFEDB700E5EA11 /* shell */,
				95D07FAA2EBFEDB700E5EA11 /* stdlib */,
			);
			path = assets;
			sourceTree = "<group>";
		};
		95D07FFE2EC0F98000E5EA11 /* boot */ = {
			isa = PBXGroup;
			children = (
				95D07FFD2EC0F98000E5EA11 /* boot.asm */,
			);
			path = boot;
			sourceTree = "<group>";
		};
		95D080042EC0F98000E5EA11 /* disk */ = {
			isa = PBXGroup;
			children = (
				95D080002EC0F98000E5EA11 /* disk.h */,
				95D080012EC0F98000E5EA11 /* disk.c */,
				95D080022EC0F98000E5EA11 /* streamer.h */,
				95D080032EC0F98000E5EA11 /* streamer.c */,
				95BF86802EC19244006F81C4 /* gpt.h */,
				95BF86812EC19244006F81C4 /* gpt.c */,
			);
			path = disk;
			sourceTree = "<group>";
		};
		95D080072EC0F98000E5EA11 /* fat */ = {
			isa = PBXGroup;
			children = (
				95D080052EC0F98000E5EA11 /* fat16.h */,
				95D080062EC0F98000E5EA11 /* fat16.c */,
			);
			path = fat;
			sourceTree = "<group>";
		};
		95D0800C2EC0F98000E5EA11 /* fs */ = {
			isa = PBXGroup;
			children = (
				95D080072EC0F98000E5EA11 /* fat */,
				95D080082EC0F98000E5EA11 /* file.h */,
				95D080092EC0F98000E5EA11 /* file.c */,
				95D0800A2EC0F98000E5EA11 /* pparser.h */,
				95D0800B2EC0F98000E5EA11 /* pparser.c */,
			);
			path = fs;
			sourceTree = "<group>";
		};
		95D080102EC0F98000E5EA11 /* gdt */ = {
			isa = PBXGroup;
			children = (
				95D0800D2EC0F98000E5EA11 /* gdt.h */,
				95D0800E2EC0F98000E5EA11 /* gdt.asm */,
				95D0800F2EC0F98000E5EA11 /* gdt.c */,
			);
			path = gdt;
			sourceTree = "<group>";
		};
		95D080142EC0F98000E5EA11 /* idt */ = {
			isa = PBXGroup;
			children = (
				958AC0B62EC154F700333567 /* irq.h */,
				958AC0B72EC154FF00333567 /* irq.c */,
				95D080112EC0F98000E5EA11 /* idt.h */,
				95D080122EC0F98000E5EA11 /* idt.asm */,
				95D080132EC0F98000E5EA11 /* idt.c */,
			);
			path = idt;
			sourceTree = "<group>";
		};
		95D080172EC0F98000E5EA11 /* io */ = {
			isa = PBXGroup;
			children = (
				95D080152EC0F98000E5EA11 /* io.h */,
				95D080162EC0F98000E5EA11 /* io.asm */,
			);
			path = io;
			sourceTree = "<group>";
		};
		95D080222EC0F98000E5EA11 /* isr80h */ = {
			isa = PBXGroup;
			children = (
				95D080182EC0F98000E5EA11 /* heap.h */,
				95D080192EC0F98000E5EA11 /* heap.c */,
				95D0801A2EC0F98000E5EA11 /* io.h */,
				95D0801B2EC0F98000E5EA11 /* io.c */,
				95D0801C2EC0F98000E5EA11 /* isr80h.h */,
				95D0801D2EC0F98000E5EA11 /* isr80h.c */,
				95D0801E2EC0F98000E5EA11 /* misc.h */,
				95D0801F2EC0F98000E5EA11 /* misc.c */,
				95D080202EC0F98000E5EA11 /* process.h */,
				95D080212EC0F98000E5EA11 /* process.c */,
			);
			path = isr80h;
			sourceTree = "<group>";
		};
		95D0802A2EC0F98000E5EA11 /* keyboard */ = {
			isa = PBXGroup;
			children = (
				95D080262EC0F98000E5EA11 /* classic.h */,
				95D080272EC0F98000E5EA11 /* classic.c */,
				95D080282EC0F98000E5EA11 /* keyboard.h */,
				95D080292EC0F98000E5EA11 /* keyboard.c */,
			);
			path = keyboard;
			sourceTree = "<group>";
		};
		95D0802F2EC0F98000E5EA11 /* formats */ = {
			isa = PBXGroup;
			children = (
				95D0802B2EC0F98000E5EA11 /* elf.h */,
				95D0802C2EC0F98000E5EA11 /* elf.c */,
				95D0802D2EC0F98000E5EA11 /* elfloader.h */,
				95D0802E2EC0F98000E5EA11 /* elfloader.c */,
			);
			path = formats;
			sourceTree = "<group>";
		};
		95D080302EC0F98000E5EA11 /* loader */ = {
			isa = PBXGroup;
			children = (
				95D0802F2EC0F98000E5EA11 /* formats */,
			);
			path = loader;
			sourceTree = "<group>";
		};
		95D080372EC0F98000E5EA11 /* heap */ = {
			isa = PBXGroup;
			children = (
				95D080312EC0F98000E5EA11 /* heap.h */,
				95D080322EC0F98000E5EA11 /* heap.c */,
				95D080332EC0F98000E5EA11 /* kheap.h */,
				95D080342EC0F98000E5EA11 /* kheap.c */,
				95D080352EC0F98000E5EA11 /* multiheap.h */,
				95D080362EC0F98000E5EA11 /* multiheap.c */,
			);
			path = heap;
			sourceTree = "<group>";
		};
		95D0803B2EC0F98000E5EA11 /* paging */ = {
			isa = PBXGroup;
			children = (
				95D080382EC0F98000E5EA11 /* paging.h */,
				95D080392EC0F98000E5EA11 /* paging.asm */,
				95D0803A2EC0F98000E5EA11 /* paging.c */,
			);
			path = paging;
			sourceTree = "<group>";
		};
		95D0803E2EC0F98000E5EA11 /* memory */ = {
			isa = PBXGroup;
			children = (
				95D080372EC0F98000E5EA11 /* heap */,
				95D0803B2EC0F98000E5EA11 /* paging */,
				95D0803C2EC0F98000E5EA11 /* memory.h */,
				95D0803D2EC0F98000E5EA11 /* memory.c */,
			);
			path = memory;
			sourceTree = "<group>";
		};
		95D080422EC0F98000E5EA11 /* string */ = {
			isa = PBXGroup;
			children = (
				95D080402EC0F98000E5EA11 /* string.h */,
				95D080412EC0F98000E5EA11 /* string.c */,
			);
			path = string;
			sourceTree = "<group>";
		};
		95D0804A2EC0F98000E5EA11 /* task */ = {
			isa = PBXGroup;
			children = (
				95D080432EC0F98000E5EA11 /* process.h */,
				95D080442EC0F98000E5EA11 /* process.c */,
				95D080452EC0F98000E5EA11 /* task.h */,
				95D080462EC0F98000E5EA11 /* task.asm */,
				95D080472EC0F98000E5EA11 /* task.c */,
				95D080482EC0F98000E5EA11 /* tss.h */,
				95D080492EC0F98000E5EA11 /* tss.asm */,
			);
			path = task;
			sourceTree = "<group>";
		};
		95D0804B2EC13D9000E5EA11 /* simple */ = {
			isa = PBXGroup;
			children = (
				95D0804F2EC13E1800E5EA11 /* Makefile */,
				95D0804E2EC13DB500E5EA11 /* src */,
			);
			path = simple;
			sourceTree = "<group>";
		};
		95D0804E2EC13DB500E5EA11 /* src */ = {
			isa = PBXGroup;
			children = (
				95D0804D2EC13DA200E5EA11 /* simple.asm */,
			);
			path = src;
			sourceTree = "<group>";
		};
/* End PBXGroup section */

/* Begin PBXLegacyTarget section */
		95D07F7A2EBFEAA300E5EA11 /* ViOS */ = {
			isa = PBXLegacyTarget;
			buildArgumentsString = "";
			buildConfigurationList = 95D07F7B2EBFEAA300E5EA11 /* Build configuration list for PBXLegacyTarget "ViOS" */;
			buildPhases = (
			);
			buildToolPath = ./build.sh;
			buildWorkingDirectory = /Users/skairipa/Documents/PViOS;
			dependencies = (
			);
			name = ViOS;
			packageProductDependencies = (
			);
			passBuildSettingsInEnvironment = 1;
			productName = ViOS;
		};
/* End PBXLegacyTarget section */

/* Begin PBXProject section */
		95D077842EBFE82A00E5EA11 /* Project object */ = {
			isa = PBXProject;
			attributes = {
				BuildIndependentTargetsInParallel = 1;
				LastUpgradeCheck = 2600;
				TargetAttributes = {
					95D07F7A2EBFEAA300E5EA11 = {
						CreatedOnToolsVersion = 26.0.1;
					};
				};
			};
			buildConfigurationList = 95D077872EBFE82A00E5EA11 /* Build configuration list for PBXProject "PViOS" */;
			developmentRegion = en;
			hasScannedForEncodings = 0;
			knownRegions = (
				en,
				Base,
			);
			mainGroup = 95D077832EBFE82A00E5EA11;
			minimizedProjectReferenceProxies = 1;
			preferredProjectObjectVersion = 77;
			projectDirPath = "";
			projectRoot = "";
			targets = (
				95D07F7A2EBFEAA300E5EA11 /* ViOS */,
			);
		};
/* End PBXProject section */

/* Begin XCBuildConfiguration section */
		95D077882EBFE82A00E5EA11 /* Debug */ = {
			isa = XCBuildConfiguration;
			buildSettings = {
				DEVELOPMENT_TEAM = 8UA385N825;
			};
			name = Debug;
		};
		95D077892EBFE82A00E5EA11 /* Release */ = {
			isa = XCBuildConfiguration;
			buildSettings = {
				DEVELOPMENT_TEAM = 8UA385N825;
			};
			name = Release;
		};
		95D07F7C2EBFEAA300E5EA11 /* Debug */ = {
			isa = XCBuildConfiguration;
			buildSettings = {
				ALWAYS_SEARCH_USER_PATHS = NO;
				ASSETCATALOG_COMPILER_GENERATE_SWIFT_ASSET_SYMBOL_EXTENSIONS = YES;
				CC = "/opt/homebrew/bin/x86_64-elf-gcc";
				CLANG_ANALYZER_NONNULL = YES;
				CLANG_ANALYZER_NUMBER_OBJECT_CONVERSION = YES_AGGRESSIVE;
				CLANG_CXX_LANGUAGE_STANDARD = "gnu++20";
				CLANG_ENABLE_MODULES = YES;
				CLANG_ENABLE_OBJC_ARC = YES;
				CLANG_ENABLE_OBJC_WEAK = YES;
				CLANG_WARN_BLOCK_CAPTURE_AUTORELEASING = YES;
				CLANG_WARN_BOOL_CONVERSION = YES;
				CLANG_WARN_COMMA = YES;
				CLANG_WARN_CONSTANT_CONVERSION = YES;
				CLANG_WARN_DEPRECATED_OBJC_IMPLEMENTATIONS = YES;
				CLANG_WARN_DIRECT_OBJC_ISA_USAGE = YES_ERROR;
				CLANG_WARN_DOCUMENTATION_COMMENTS = YES;
				CLANG_WARN_EMPTY_BODY = YES;
				CLANG_WARN_ENUM_CONVERSION = YES;
				CLANG_WARN_INFINITE_RECURSION = YES;
				CLANG_WARN_INT_CONVERSION = YES;
				CLANG_WARN_NON_LITERAL_NULL_CONVERSION = YES;
				CLANG_WARN_OBJC_IMPLICIT_RETAIN_SELF = YES;
				CLANG_WARN_OBJC_LITERAL_CONVERSION = YES;
				CLANG_WARN_OBJC_ROOT_CLASS = YES_ERROR;
				CLANG_WARN_QUOTED_INCLUDE_IN_FRAMEWORK_HEADER = YES;
				CLANG_WARN_RANGE_LOOP_ANALYSIS = YES;
				CLANG_WARN_STRICT_PROTOTYPES = YES;
				CLANG_WARN_SUSPICIOUS_MOVE = YES;
				CLANG_WARN_UNGUARDED_AVAILABILITY = YES_AGGRESSIVE;
				CLANG_WARN_UNREACHABLE_CODE = YES;
				CLANG_WARN__DUPLICATE_METHOD_MATCH = YES;
				CODE_SIGN_STYLE = Automatic;
				COPY_PHASE_STRIP = NO;
				DEBUGGING_SYMBOLS = YES;
				DEBUG_INFORMATION_FORMAT = dwarf;
				DEVELOPMENT_TEAM = 8UA385N825;
				ENABLE_STRICT_OBJC_MSGSEND = YES;
				ENABLE_TESTABILITY = YES;
				ENABLE_USER_SCRIPT_SANDBOXING = YES;
				GCC_C_LANGUAGE_STANDARD = gnu17;
				GCC_DYNAMIC_NO_PIC = NO;
				GCC_GENERATE_DEBUGGING_SYMBOLS = YES;
				GCC_NO_COMMON_BLOCKS = YES;
				GCC_OPTIMIZATION_LEVEL = 0;
				GCC_PREPROCESSOR_DEFINITIONS = (
					"DEBUG=1",
					"$(inherited)",
				);
				GCC_WARN_64_TO_32_BIT_CONVERSION = YES;
				GCC_WARN_ABOUT_RETURN_TYPE = YES_ERROR;
				GCC_WARN_UNDECLARED_SELECTOR = YES;
				GCC_WARN_UNINITIALIZED_AUTOS = YES_AGGRESSIVE;
				GCC_WARN_UNUSED_FUNCTION = YES;
				GCC_WARN_UNUSED_VARIABLE = YES;
				HEADER_SEARCH_PATHS = (
					"$(PROJECT_DIR)/src",
					"$(PROJECT_DIR)/src/boot",
					"$(PROJECT_DIR)/src/disk",
					"$(PROJECT_DIR)/src/fs",
					"$(PROJECT_DIR)/src/fs/fat",
					"$(PROJECT_DIR)/src/gdt",
					"$(PROJECT_DIR)/src/graphics",
					"$(PROJECT_DIR)/src/graphics/image",
					"$(PROJECT_DIR)/src/idt",
					"$(PROJECT_DIR)/src/io",
					"$(PROJECT_DIR)/src/isr80h",
					"$(PROJECT_DIR)/src/keyboard",
					"$(PROJECT_DIR)/src/lib",
					"$(PROJECT_DIR)/src/lib/vector",
					"$(PROJECT_DIR)/src/loader",
					"$(PROJECT_DIR)/src/loader/formats",
					"$(PROJECT_DIR)/src/memory",
					"$(PROJECT_DIR)/src/memory/heap",
					"$(PROJECT_DIR)/src/memory/paging",
					"$(PROJECT_DIR)/src/string",
					"$(PROJECT_DIR)/src/task",
					"/opt/homebrew/Cellar/x86_64-elf-gcc/15.1.0/lib/gcc/x86_64-elf/15.1.0/include",
					"/opt/homebrew/Cellar/x86_64-elf-gcc/15.1.0/lib/gcc/x86_64-elf/15.1.0/include-fixed",
				);
				LOCALIZATION_PREFERS_STRING_CATALOGS = YES;
				MTL_ENABLE_DEBUG_INFO = INCLUDE_SOURCE;
				MTL_FAST_MATH = YES;
				ONLY_ACTIVE_ARCH = YES;
				OTHER_CFLAGS = "";
				OTHER_LDFLAGS = "";
				PRODUCT_NAME = "$(TARGET_NAME)";
			};
			name = Debug;
		};
		95D07F7D2EBFEAA300E5EA11 /* Release */ = {
			isa = XCBuildConfiguration;
			buildSettings = {
				ALWAYS_SEARCH_USER_PATHS = NO;
				ASSETCATALOG_COMPILER_GENERATE_SWIFT_ASSET_SYMBOL_EXTENSIONS = YES;
				CC = "/opt/homebrew/bin/x86_64-elf-gcc";
				CLANG_ANALYZER_NONNULL = YES;
				CLANG_ANALYZER_NUMBER_OBJECT_CONVERSION = YES_AGGRESSIVE;
				CLANG_CXX_LANGUAGE_STANDARD = "gnu++20";
				CLANG_ENABLE_MODULES = YES;
				CLANG_ENABLE_OBJC_ARC = YES;
				CLANG_ENABLE_OBJC_WEAK = YES;
				CLANG_WARN_BLOCK_CAPTURE_AUTORELEASING = YES;
				CLANG_WARN_BOOL_CONVERSION = YES;
				CLANG_WARN_COMMA = YES;
				CLANG_WARN_CONSTANT_CONVERSION = YES;
				CLANG_WARN_DEPRECATED_OBJC_IMPLEMENTATIONS = YES;
				CLANG_WARN_DIRECT_OBJC_ISA_USAGE = YES_ERROR;
				CLANG_WARN_DOCUMENTATION_COMMENTS = YES;
				CLANG_WARN_EMPTY_BODY = YES;
				CLANG_WARN_ENUM_CONVERSION = YES;
				CLANG_WARN_INFINITE_RECURSION = YES;
				CLANG_WARN_INT_CONVERSION = YES;
				CLANG_WARN_NON_LITERAL_NULL_CONVERSION = YES;
				CLANG_WARN_OBJC_IMPLICIT_RETAIN_SELF = YES;
				CLANG_WARN_OBJC_LITERAL_CONVERSION = YES;
				CLANG_WARN_OBJC_ROOT_CLASS = YES_ERROR;
				CLANG_WARN_QUOTED_INCLUDE_IN_FRAMEWORK_HEADER = YES;
				CLANG_WARN_RANGE_LOOP_ANALYSIS = YES;
				CLANG_WARN_STRICT_PROTOTYPES = YES;
				CLANG_WARN_SUSPICIOUS_MOVE = YES;
				CLANG_WARN_UNGUARDED_AVAILABILITY = YES_AGGRESSIVE;
				CLANG_WARN_UNREACHABLE_CODE = YES;
				CLANG_WARN__DUPLICATE_METHOD_MATCH = YES;
				CODE_SIGN_STYLE = Automatic;
				COPY_PHASE_STRIP = NO;
				DEBUG_INFORMATION_FORMAT = "dwarf-with-dsym";
				DEVELOPMENT_TEAM = 8UA385N825;
				ENABLE_NS_ASSERTIONS = NO;
				ENABLE_STRICT_OBJC_MSGSEND = YES;
				ENABLE_USER_SCRIPT_SANDBOXING = YES;
				GCC_C_LANGUAGE_STANDARD = gnu17;
				GCC_NO_COMMON_BLOCKS = YES;
				GCC_WARN_64_TO_32_BIT_CONVERSION = YES;
				GCC_WARN_ABOUT_RETURN_TYPE = YES_ERROR;
				GCC_WARN_UNDECLARED_SELECTOR = YES;
				GCC_WARN_UNINITIALIZED_AUTOS = YES_AGGRESSIVE;
				GCC_WARN_UNUSED_FUNCTION = YES;
				GCC_WARN_UNUSED_VARIABLE = YES;
				HEADER_SEARCH_PATHS = (
					"$(PROJECT_DIR)/src",
					"$(PROJECT_DIR)/src/boot",
					"$(PROJECT_DIR)/src/disk",
					"$(PROJECT_DIR)/src/fs",
					"$(PROJECT_DIR)/src/fs/fat",
					"$(PROJECT_DIR)/src/gdt",
					"$(PROJECT_DIR)/src/graphics",
					"$(PROJECT_DIR)/src/graphics/image",
					"$(PROJECT_DIR)/src/idt",
					"$(PROJECT_DIR)/src/io",
					"$(PROJECT_DIR)/src/isr80h",
					"$(PROJECT_DIR)/src/keyboard",
					"$(PROJECT_DIR)/src/lib",
					"$(PROJECT_DIR)/src/lib/vector",
					"$(PROJECT_DIR)/src/loader",
					"$(PROJECT_DIR)/src/loader/formats",
					"$(PROJECT_DIR)/src/memory",
					"$(PROJECT_DIR)/src/memory/heap",
					"$(PROJECT_DIR)/src/memory/paging",
					"$(PROJECT_DIR)/src/string",
					"$(PROJECT_DIR)/src/task",
					"/opt/homebrew/Cellar/x86_64-elf-gcc/15.1.0/lib/gcc/x86_64-elf/15.1.0/include",
					"/opt/homebrew/Cellar/x86_64-elf-gcc/15.1.0/lib/gcc/x86_64-elf/15.1.0/include-fixed",
				);
				LOCALIZATION_PREFERS_STRING_CATALOGS = YES;
				MTL_ENABLE_DEBUG_INFO = NO;
				MTL_FAST_MATH = YES;
				OTHER_CFLAGS = "";
				OTHER_LDFLAGS = "";
				PRODUCT_NAME = "$(TARGET_NAME)";
			};
			name = Release;
		};
/* End XCBuildConfiguration section */

/* Begin XCConfigurationList section */
		95D077872EBFE82A00E5EA11 /* Build configuration list for PBXProject "PViOS" */ = {
			isa = XCConfigurationList;
			buildConfigurations = (
				95D077882EBFE82A00E5EA11 /* Debug */,
				95D077892EBFE82A00E5EA11 /* Release */,
			);
			defaultConfigurationIsVisible = 0;
			defaultConfigurationName = Release;
		};
		95D07F7B2EBFEAA300E5EA11 /* Build configuration list for PBXLegacyTarget "ViOS" */ = {
			isa = XCConfigurationList;
			buildConfigurations = (
				95D07F7C2EBFEAA300E5EA11 /* Debug */,
				95D07F7D2EBFEAA300E5EA11 /* Release */,
			);
			defaultConfigurationIsVisible = 0;
			defaultConfigurationName = Release;
		};
/* End XCConfigurationList section */
	};
	rootObject = 95D077842EBFE82A00E5EA11 /* Project object */;
}
